
Microsoft Visual Studio Solution File, Format Version 12.00
# Visual Studio Version 16
VisualStudioVersion = 16.0.31911.196
MinimumVisualStudioVersion = 10.0.40219.1
Project("{9A19103F-16F7-4668-BE54-9A1E7A4F7556}") = "PhoneListUI", "PhoneListUI\PhoneListUI.csproj", "{6CC151A6-4414-4032-974C-E247130D5E77}"
EndProject
Project("{9A19103F-16F7-4668-BE54-9A1E7A4F7556}") = "BusinessLayer", "BusinessLayer\BusinessLayer.csproj", "{347313E0-6CE3-418C-9DD4-C41C3B10B6AD}"
EndProject
Project("{9A19103F-16F7-4668-BE54-9A1E7A4F7556}") = "DataAccessLayer", "DataAccessLayer\DataAccessLayer.csproj", "{3636B64A-0D71-4644-B8EC-E735F275133E}"
EndProject
Project("{9A19103F-16F7-4668-BE54-9A1E7A4F7556}") = "EntityLayer", "EntityLayer\EntityLayer.csproj", "{89EA22D8-E9E7-48EC-AF16-E07B6A927F52}"
EndProject
Project("{FAE04EC0-301F-11D3-BF4B-00C04F79EFBC}") = "PhoneListAPI", "PhoneListAPI\PhoneListAPI.csproj", "{C31A5DBC-C11E-4E87-BB2E-C4E8D83C1378}"
EndProject
Global
	GlobalSection(SolutionConfigurationPlatforms) = preSolution
		Debug|Any CPU = Debug|Any CPU
		Release|Any CPU = Release|Any CPU
	EndGlobalSection
	GlobalSection(ProjectConfigurationPlatforms) = postSolution
		{6CC151A6-4414-4032-974C-E247130D5E77}.Debug|Any CPU.ActiveCfg = Debug|Any CPU
		{6CC151A6-4414-4032-974C-E247130D5E77}.Debug|Any CPU.Build.0 = Debug|Any CPU
		{6CC151A6-4414-4032-974C-E247130D5E77}.Release|Any CPU.ActiveCfg = Release|Any CPU
		{6CC151A6-4414-4032-974C-E247130D5E77}.Release|Any CPU.Build.0 = Release|Any CPU
		{347313E0-6CE3-418C-9DD4-C41C3B10B6AD}.Debug|Any CPU.ActiveCfg = Debug|Any CPU
		{347313E0-6CE3-418C-9DD4-C41C3B10B6AD}.Debug|Any CPU.Build.0 = Debug|Any CPU
		{347313E0-6CE3-418C-9DD4-C41C3B10B6AD}.Release|Any CPU.ActiveCfg = Release|Any CPU
		{347313E0-6CE3-418C-9DD4-C41C3B10B6AD}.Release|Any CPU.Build.0 = Release|Any CPU
		{3636B64A-0D71-4644-B8EC-E735F275133E}.Debug|Any CPU.ActiveCfg = Debug|Any CPU
		{3636B64A-0D71-4644-B8EC-E735F275133E}.Debug|Any CPU.Build.0 = Debug|Any CPU
		{3636B64A-0D71-4644-B8EC-E735F275133E}.Release|Any CPU.ActiveCfg = Release|Any CPU
		{3636B64A-0D71-4644-B8EC-E735F275133E}.Release|Any CPU.Build.0 = Release|Any CPU
		{89EA22D8-E9E7-48EC-AF16-E07B6A927F52}.Debug|Any CPU.ActiveCfg = Debug|Any CPU
		{89EA22D8-E9E7-48EC-AF16-E07B6A927F52}.Debug|Any CPU.Build.0 = Debug|Any CPU
		{89EA22D8-E9E7-48EC-AF16-E07B6A927F52}.Release|Any CPU.ActiveCfg = Release|Any CPU
		{89EA22D8-E9E7-48EC-AF16-E07B6A927F52}.Release|Any CPU.Build.0 = Release|Any CPU
		{C31A5DBC-C11E-4E87-BB2E-C4E8D83C1378}.Debug|Any CPU.ActiveCfg = Debug|Any CPU
		{C31A5DBC-C11E-4E87-BB2E-C4E8D83C1378}.Debug|Any CPU.Build.0 = Debug|Any CPU
		{C31A5DBC-C11E-4E87-BB2E-C4E8D83C1378}.Release|Any CPU.ActiveCfg = Release|Any CPU
		{C31A5DBC-C11E-4E87-BB2E-C4E8D83C1378}.Release|Any CPU.Build.0 = Release|Any CPU
	EndGlobalSection
	GlobalSection(SolutionProperties) = preSolution
		HideSolutionNode = FALSE
	EndGlobalSection
	GlobalSection(ExtensibilityGlobals) = postSolution
		SolutionGuid = {01693095-A4B7-47A3-AECE-4CFDF7AF2B98}
	EndGlobalSection
EndGlobal
